// !$*UTF8*$!
{
	archiveVersion = 1;
	classes = {
	};
	objectVersion = 50;
	objects = {

/* Begin PBXBuildFile section */
		23A84C5C199721FB0D9D0F57 /* Pods_TheSwifter.framework in Frameworks */ = {isa = PBXBuildFile; fileRef = 142CD1A0A6C26218E3CD70E3 /* Pods_TheSwifter.framework */; };
		7F06155220AB887D0092A6B0 /* AppDelegate.swift in Sources */ = {isa = PBXBuildFile; fileRef = 7F06155120AB887D0092A6B0 /* AppDelegate.swift */; };
		7F06155420AB887D0092A6B0 /* StreamingTweetsViewController.swift in Sources */ = {isa = PBXBuildFile; fileRef = 7F06155320AB887D0092A6B0 /* StreamingTweetsViewController.swift */; };
		7F06155720AB887D0092A6B0 /* Main.storyboard in Resources */ = {isa = PBXBuildFile; fileRef = 7F06155520AB887D0092A6B0 /* Main.storyboard */; };
		7F06155920AB887E0092A6B0 /* Assets.xcassets in Resources */ = {isa = PBXBuildFile; fileRef = 7F06155820AB887E0092A6B0 /* Assets.xcassets */; };
		7F06155C20AB887E0092A6B0 /* LaunchScreen.storyboard in Resources */ = {isa = PBXBuildFile; fileRef = 7F06155A20AB887E0092A6B0 /* LaunchScreen.storyboard */; };
		7F06157920AB8E4B0092A6B0 /* Model.swift in Sources */ = {isa = PBXBuildFile; fileRef = 7F06157820AB8E4B0092A6B0 /* Model.swift */; };
		7F06157B20ACDAE80092A6B0 /* UIButtonExtensions.swift in Sources */ = {isa = PBXBuildFile; fileRef = 7F06157A20ACDAE80092A6B0 /* UIButtonExtensions.swift */; };
		7F06157D20ACE31A0092A6B0 /* StreamingTweetCell.swift in Sources */ = {isa = PBXBuildFile; fileRef = 7F06157C20ACE31A0092A6B0 /* StreamingTweetCell.swift */; };
		7F06158720AE048A0092A6B0 /* Protocols.swift in Sources */ = {isa = PBXBuildFile; fileRef = 7F06158620AE048A0092A6B0 /* Protocols.swift */; };
		7F06158920AE04E40092A6B0 /* DataManager.swift in Sources */ = {isa = PBXBuildFile; fileRef = 7F06158820AE04E40092A6B0 /* DataManager.swift */; };
/* End PBXBuildFile section */

/* Begin PBXCopyFilesBuildPhase section */
		7F06158420AD03F70092A6B0 /* Embed Frameworks */ = {
			isa = PBXCopyFilesBuildPhase;
			buildActionMask = 2147483647;
			dstPath = "";
			dstSubfolderSpec = 10;
			files = (
			);
			name = "Embed Frameworks";
			runOnlyForDeploymentPostprocessing = 0;
		};
/* End PBXCopyFilesBuildPhase section */

/* Begin PBXFileReference section */
		142CD1A0A6C26218E3CD70E3 /* Pods_TheSwifter.framework */ = {isa = PBXFileReference; explicitFileType = wrapper.framework; includeInIndex = 0; path = Pods_TheSwifter.framework; sourceTree = BUILT_PRODUCTS_DIR; };
		6AF21749CFD4247C75C30C26 /* Pods-TheSwifter.release.xcconfig */ = {isa = PBXFileReference; includeInIndex = 1; lastKnownFileType = text.xcconfig; name = "Pods-TheSwifter.release.xcconfig"; path = "Pods/Target Support Files/Pods-TheSwifter/Pods-TheSwifter.release.xcconfig"; sourceTree = "<group>"; };
		7F06154E20AB887D0092A6B0 /* TheSwifter.app */ = {isa = PBXFileReference; explicitFileType = wrapper.application; includeInIndex = 0; path = TheSwifter.app; sourceTree = BUILT_PRODUCTS_DIR; };
		7F06155120AB887D0092A6B0 /* AppDelegate.swift */ = {isa = PBXFileReference; lastKnownFileType = sourcecode.swift; path = AppDelegate.swift; sourceTree = "<group>"; };
		7F06155320AB887D0092A6B0 /* StreamingTweetsViewController.swift */ = {isa = PBXFileReference; lastKnownFileType = sourcecode.swift; path = StreamingTweetsViewController.swift; sourceTree = "<group>"; };
		7F06155620AB887D0092A6B0 /* Base */ = {isa = PBXFileReference; lastKnownFileType = file.storyboard; name = Base; path = Base.lproj/Main.storyboard; sourceTree = "<group>"; };
		7F06155820AB887E0092A6B0 /* Assets.xcassets */ = {isa = PBXFileReference; lastKnownFileType = folder.assetcatalog; path = Assets.xcassets; sourceTree = "<group>"; };
		7F06155B20AB887E0092A6B0 /* Base */ = {isa = PBXFileReference; lastKnownFileType = file.storyboard; name = Base; path = Base.lproj/LaunchScreen.storyboard; sourceTree = "<group>"; };
		7F06155D20AB887E0092A6B0 /* Info.plist */ = {isa = PBXFileReference; lastKnownFileType = text.plist.xml; path = Info.plist; sourceTree = "<group>"; };
		7F06157820AB8E4B0092A6B0 /* Model.swift */ = {isa = PBXFileReference; lastKnownFileType = sourcecode.swift; path = Model.swift; sourceTree = "<group>"; };
		7F06157A20ACDAE80092A6B0 /* UIButtonExtensions.swift */ = {isa = PBXFileReference; lastKnownFileType = sourcecode.swift; path = UIButtonExtensions.swift; sourceTree = "<group>"; };
		7F06157C20ACE31A0092A6B0 /* StreamingTweetCell.swift */ = {isa = PBXFileReference; lastKnownFileType = sourcecode.swift; path = StreamingTweetCell.swift; sourceTree = "<group>"; };
		7F06158620AE048A0092A6B0 /* Protocols.swift */ = {isa = PBXFileReference; lastKnownFileType = sourcecode.swift; path = Protocols.swift; sourceTree = "<group>"; };
		7F06158820AE04E40092A6B0 /* DataManager.swift */ = {isa = PBXFileReference; lastKnownFileType = sourcecode.swift; path = DataManager.swift; sourceTree = "<group>"; };
		BAF3E474FD1317DBBA71446F /* Pods-TheSwifter.debug.xcconfig */ = {isa = PBXFileReference; includeInIndex = 1; lastKnownFileType = text.xcconfig; name = "Pods-TheSwifter.debug.xcconfig"; path = "Pods/Target Support Files/Pods-TheSwifter/Pods-TheSwifter.debug.xcconfig"; sourceTree = "<group>"; };
/* End PBXFileReference section */

/* Begin PBXFrameworksBuildPhase section */
		7F06154B20AB887D0092A6B0 /* Frameworks */ = {
			isa = PBXFrameworksBuildPhase;
			buildActionMask = 2147483647;
			files = (
				23A84C5C199721FB0D9D0F57 /* Pods_TheSwifter.framework in Frameworks */,
			);
			runOnlyForDeploymentPostprocessing = 0;
		};
/* End PBXFrameworksBuildPhase section */

/* Begin PBXGroup section */
		7F06154520AB887D0092A6B0 = {
			isa = PBXGroup;
			children = (
				7F06155020AB887D0092A6B0 /* TheSwifter */,
				7F06154F20AB887D0092A6B0 /* Products */,
				7F06157520AB88C20092A6B0 /* Frameworks */,
				A31AE404EE15320BBBF271D0 /* Pods */,
			);
			sourceTree = "<group>";
		};
		7F06154F20AB887D0092A6B0 /* Products */ = {
			isa = PBXGroup;
			children = (
				7F06154E20AB887D0092A6B0 /* TheSwifter.app */,
			);
			name = Products;
			sourceTree = "<group>";
		};
		7F06155020AB887D0092A6B0 /* TheSwifter */ = {
			isa = PBXGroup;
			children = (
				7FC0900520AE0EFC002803E6 /* App Delegate */,
				7FC0900420AE0E8E002803E6 /* Protocols */,
				7FC0900320AE0E7F002803E6 /* View Controllers */,
				7F06158E20AE0C960092A6B0 /* Networking */,
				7F06158D20AE0C850092A6B0 /* Models */,
				7F06158C20AE0C710092A6B0 /* Storyboards */,
				7F06158B20AE0C550092A6B0 /* Supporting Files */,
				7FC08FFE20AE0E6A002803E6 /* View Classes */,
				7F06158A20AE0C430092A6B0 /* UIKit Extensions */,
			);
			path = TheSwifter;
			sourceTree = "<group>";
		};
		7F06157520AB88C20092A6B0 /* Frameworks */ = {
			isa = PBXGroup;
			children = (
				142CD1A0A6C26218E3CD70E3 /* Pods_TheSwifter.framework */,
			);
			name = Frameworks;
			sourceTree = "<group>";
		};
		7F06158A20AE0C430092A6B0 /* UIKit Extensions */ = {
			isa = PBXGroup;
			children = (
				7F06157A20ACDAE80092A6B0 /* UIButtonExtensions.swift */,
			);
			path = "UIKit Extensions";
			sourceTree = "<group>";
		};
		7F06158B20AE0C550092A6B0 /* Supporting Files */ = {
			isa = PBXGroup;
			children = (
				7F06155820AB887E0092A6B0 /* Assets.xcassets */,
				7F06155D20AB887E0092A6B0 /* Info.plist */,
			);
			path = "Supporting Files";
			sourceTree = "<group>";
		};
		7F06158C20AE0C710092A6B0 /* Storyboards */ = {
			isa = PBXGroup;
			children = (
				7F06155520AB887D0092A6B0 /* Main.storyboard */,
				7F06155A20AB887E0092A6B0 /* LaunchScreen.storyboard */,
			);
			path = Storyboards;
			sourceTree = "<group>";
		};
		7F06158D20AE0C850092A6B0 /* Models */ = {
			isa = PBXGroup;
			children = (
				7F06157820AB8E4B0092A6B0 /* Model.swift */,
			);
			path = Models;
			sourceTree = "<group>";
		};
		7F06158E20AE0C960092A6B0 /* Networking */ = {
			isa = PBXGroup;
			children = (
				7F06158820AE04E40092A6B0 /* DataManager.swift */,
			);
			path = Networking;
			sourceTree = "<group>";
		};
		7FC08FFE20AE0E6A002803E6 /* View Classes */ = {
			isa = PBXGroup;
			children = (
				7F06157C20ACE31A0092A6B0 /* StreamingTweetCell.swift */,
			);
			path = "View Classes";
			sourceTree = "<group>";
		};
		7FC0900320AE0E7F002803E6 /* View Controllers */ = {
			isa = PBXGroup;
			children = (
				7F06155320AB887D0092A6B0 /* StreamingTweetsViewController.swift */,
			);
			path = "View Controllers";
			sourceTree = "<group>";
		};
		7FC0900420AE0E8E002803E6 /* Protocols */ = {
			isa = PBXGroup;
			children = (
				7F06158620AE048A0092A6B0 /* Protocols.swift */,
			);
			path = Protocols;
			sourceTree = "<group>";
		};
		7FC0900520AE0EFC002803E6 /* App Delegate */ = {
			isa = PBXGroup;
			children = (
				7F06155120AB887D0092A6B0 /* AppDelegate.swift */,
			);
			path = "App Delegate";
			sourceTree = "<group>";
		};
		A31AE404EE15320BBBF271D0 /* Pods */ = {
			isa = PBXGroup;
			children = (
				BAF3E474FD1317DBBA71446F /* Pods-TheSwifter.debug.xcconfig */,
				6AF21749CFD4247C75C30C26 /* Pods-TheSwifter.release.xcconfig */,
			);
			name = Pods;
			sourceTree = "<group>";
		};
/* End PBXGroup section */

/* Begin PBXNativeTarget section */
		7F06154D20AB887D0092A6B0 /* TheSwifter */ = {
			isa = PBXNativeTarget;
			buildConfigurationList = 7F06156020AB887E0092A6B0 /* Build configuration list for PBXNativeTarget "TheSwifter" */;
			buildPhases = (
				2C4E96914FFE81ABDCED515F /* [CP] Check Pods Manifest.lock */,
				7F06154A20AB887D0092A6B0 /* Sources */,
				7F06154B20AB887D0092A6B0 /* Frameworks */,
				7F06154C20AB887D0092A6B0 /* Resources */,
				7F06158420AD03F70092A6B0 /* Embed Frameworks */,
				E53AB5A209DBEC65BB4FE412 /* [CP] Embed Pods Frameworks */,
				D5503CC4BE4102FCF4EA5287 /* [CP] Copy Pods Resources */,
			);
			buildRules = (
			);
			dependencies = (
			);
			name = TheSwifter;
			productName = TheSwifter;
			productReference = 7F06154E20AB887D0092A6B0 /* TheSwifter.app */;
			productType = "com.apple.product-type.application";
		};
/* End PBXNativeTarget section */

/* Begin PBXProject section */
		7F06154620AB887D0092A6B0 /* Project object */ = {
			isa = PBXProject;
			attributes = {
				LastSwiftUpdateCheck = 0930;
				LastUpgradeCheck = 0930;
				ORGANIZATIONNAME = "Michael Ardizzone";
				TargetAttributes = {
					7F06154D20AB887D0092A6B0 = {
						CreatedOnToolsVersion = 9.3;
					};
				};
			};
			buildConfigurationList = 7F06154920AB887D0092A6B0 /* Build configuration list for PBXProject "TheSwifter" */;
			compatibilityVersion = "Xcode 9.3";
			developmentRegion = en;
			hasScannedForEncodings = 0;
			knownRegions = (
				en,
				Base,
			);
			mainGroup = 7F06154520AB887D0092A6B0;
			productRefGroup = 7F06154F20AB887D0092A6B0 /* Products */;
			projectDirPath = "";
			projectRoot = "";
			targets = (
				7F06154D20AB887D0092A6B0 /* TheSwifter */,
			);
		};
/* End PBXProject section */

/* Begin PBXResourcesBuildPhase section */
		7F06154C20AB887D0092A6B0 /* Resources */ = {
			isa = PBXResourcesBuildPhase;
			buildActionMask = 2147483647;
			files = (
				7F06155C20AB887E0092A6B0 /* LaunchScreen.storyboard in Resources */,
				7F06155920AB887E0092A6B0 /* Assets.xcassets in Resources */,
				7F06155720AB887D0092A6B0 /* Main.storyboard in Resources */,
			);
			runOnlyForDeploymentPostprocessing = 0;
		};
/* End PBXResourcesBuildPhase section */

/* Begin PBXShellScriptBuildPhase section */
		2C4E96914FFE81ABDCED515F /* [CP] Check Pods Manifest.lock */ = {
			isa = PBXShellScriptBuildPhase;
			buildActionMask = 2147483647;
			files = (
			);
			inputPaths = (
				"${PODS_PODFILE_DIR_PATH}/Podfile.lock",
				"${PODS_ROOT}/Manifest.lock",
			);
			name = "[CP] Check Pods Manifest.lock";
			outputPaths = (
				"$(DERIVED_FILE_DIR)/Pods-TheSwifter-checkManifestLockResult.txt",
			);
			runOnlyForDeploymentPostprocessing = 0;
			shellPath = /bin/sh;
			shellScript = "diff \"${PODS_PODFILE_DIR_PATH}/Podfile.lock\" \"${PODS_ROOT}/Manifest.lock\" > /dev/null\nif [ $? != 0 ] ; then\n    # print error to STDERR\n    echo \"error: The sandbox is not in sync with the Podfile.lock. Run 'pod install' or update your CocoaPods installation.\" >&2\n    exit 1\nfi\n# This output is used by Xcode 'outputs' to avoid re-running this script phase.\necho \"SUCCESS\" > \"${SCRIPT_OUTPUT_FILE_0}\"\n";
			showEnvVarsInLog = 0;
		};
		D5503CC4BE4102FCF4EA5287 /* [CP] Copy Pods Resources */ = {
			isa = PBXShellScriptBuildPhase;
			buildActionMask = 2147483647;
			files = (
			);
			inputPaths = (
			);
			name = "[CP] Copy Pods Resources";
			outputPaths = (
			);
			runOnlyForDeploymentPostprocessing = 0;
			shellPath = /bin/sh;
			shellScript = "\"${SRCROOT}/Pods/Target Support Files/Pods-TheSwifter/Pods-TheSwifter-resources.sh\"\n";
			showEnvVarsInLog = 0;
		};
		E53AB5A209DBEC65BB4FE412 /* [CP] Embed Pods Frameworks */ = {
			isa = PBXShellScriptBuildPhase;
			buildActionMask = 2147483647;
			files = (
			);
			inputPaths = (
				"${SRCROOT}/Pods/Target Support Files/Pods-TheSwifter/Pods-TheSwifter-frameworks.sh",
				"${BUILT_PRODUCTS_DIR}/Alamofire/Alamofire.framework",
				"${BUILT_PRODUCTS_DIR}/OAuthSwift/OAuthSwift.framework",
			);
			name = "[CP] Embed Pods Frameworks";
			outputPaths = (
				"${TARGET_BUILD_DIR}/${FRAMEWORKS_FOLDER_PATH}/Alamofire.framework",
				"${TARGET_BUILD_DIR}/${FRAMEWORKS_FOLDER_PATH}/OAuthSwift.framework",
			);
			runOnlyForDeploymentPostprocessing = 0;
			shellPath = /bin/sh;
			shellScript = "\"${SRCROOT}/Pods/Target Support Files/Pods-TheSwifter/Pods-TheSwifter-frameworks.sh\"\n";
			showEnvVarsInLog = 0;
		};
/* End PBXShellScriptBuildPhase section */

/* Begin PBXSourcesBuildPhase section */
		7F06154A20AB887D0092A6B0 /* Sources */ = {
			isa = PBXSourcesBuildPhase;
			buildActionMask = 2147483647;
			files = (
				7F06157920AB8E4B0092A6B0 /* Model.swift in Sources */,
				7F06157B20ACDAE80092A6B0 /* UIButtonExtensions.swift in Sources */,
				7F06157D20ACE31A0092A6B0 /* StreamingTweetCell.swift in Sources */,
				7F06158920AE04E40092A6B0 /* DataManager.swift in Sources */,
				7F06158720AE048A0092A6B0 /* Protocols.swift in Sources */,
				7F06155420AB887D0092A6B0 /* StreamingTweetsViewController.swift in Sources */,
				7F06155220AB887D0092A6B0 /* AppDelegate.swift in Sources */,
			);
			runOnlyForDeploymentPostprocessing = 0;
		};
/* End PBXSourcesBuildPhase section */

/* Begin PBXVariantGroup section */
		7F06155520AB887D0092A6B0 /* Main.storyboard */ = {
			isa = PBXVariantGroup;
			children = (
				7F06155620AB887D0092A6B0 /* Base */,
			);
			name = Main.storyboard;
			sourceTree = "<group>";
		};
		7F06155A20AB887E0092A6B0 /* LaunchScreen.storyboard */ = {
			isa = PBXVariantGroup;
			children = (
				7F06155B20AB887E0092A6B0 /* Base */,
			);
			name = LaunchScreen.storyboard;
			sourceTree = "<group>";
		};
/* End PBXVariantGroup section */

/* Begin XCBuildConfiguration section */
		7F06155E20AB887E0092A6B0 /* Debug */ = {
			isa = XCBuildConfiguration;
			buildSettings = {
				ALWAYS_SEARCH_USER_PATHS = NO;
				CLANG_ANALYZER_NONNULL = YES;
				CLANG_ANALYZER_NUMBER_OBJECT_CONVERSION = YES_AGGRESSIVE;
				CLANG_CXX_LANGUAGE_STANDARD = "gnu++14";
				CLANG_CXX_LIBRARY = "libc++";
				CLANG_ENABLE_MODULES = YES;
				CLANG_ENABLE_OBJC_ARC = YES;
				CLANG_ENABLE_OBJC_WEAK = YES;
				CLANG_WARN_BLOCK_CAPTURE_AUTORELEASING = YES;
				CLANG_WARN_BOOL_CONVERSION = YES;
				CLANG_WARN_COMMA = YES;
				CLANG_WARN_CONSTANT_CONVERSION = YES;
				CLANG_WARN_DEPRECATED_OBJC_IMPLEMENTATIONS = YES;
				CLANG_WARN_DIRECT_OBJC_ISA_USAGE = YES_ERROR;
				CLANG_WARN_DOCUMENTATION_COMMENTS = YES;
				CLANG_WARN_EMPTY_BODY = YES;
				CLANG_WARN_ENUM_CONVERSION = YES;
				CLANG_WARN_INFINITE_RECURSION = YES;
				CLANG_WARN_INT_CONVERSION = YES;
				CLANG_WARN_NON_LITERAL_NULL_CONVERSION = YES;
				CLANG_WARN_OBJC_IMPLICIT_RETAIN_SELF = YES;
				CLANG_WARN_OBJC_LITERAL_CONVERSION = YES;
				CLANG_WARN_OBJC_ROOT_CLASS = YES_ERROR;
				CLANG_WARN_RANGE_LOOP_ANALYSIS = YES;
				CLANG_WARN_STRICT_PROTOTYPES = YES;
				CLANG_WARN_SUSPICIOUS_MOVE = YES;
				CLANG_WARN_UNGUARDED_AVAILABILITY = YES_AGGRESSIVE;
				CLANG_WARN_UNREACHABLE_CODE = YES;
				CLANG_WARN__DUPLICATE_METHOD_MATCH = YES;
				CODE_SIGN_IDENTITY = "iPhone Developer";
				COPY_PHASE_STRIP = NO;
				DEBUG_INFORMATION_FORMAT = dwarf;
				ENABLE_STRICT_OBJC_MSGSEND = YES;
				ENABLE_TESTABILITY = YES;
				GCC_C_LANGUAGE_STANDARD = gnu11;
				GCC_DYNAMIC_NO_PIC = NO;
				GCC_NO_COMMON_BLOCKS = YES;
				GCC_OPTIMIZATION_LEVEL = 0;
				GCC_PREPROCESSOR_DEFINITIONS = (
					"DEBUG=1",
					"$(inherited)",
				);
				GCC_WARN_64_TO_32_BIT_CONVERSION = YES;
				GCC_WARN_ABOUT_RETURN_TYPE = YES_ERROR;
				GCC_WARN_UNDECLARED_SELECTOR = YES;
				GCC_WARN_UNINITIALIZED_AUTOS = YES_AGGRESSIVE;
				GCC_WARN_UNUSED_FUNCTION = YES;
				GCC_WARN_UNUSED_VARIABLE = YES;
				IPHONEOS_DEPLOYMENT_TARGET = 11.3;
				MTL_ENABLE_DEBUG_INFO = YES;
				ONLY_ACTIVE_ARCH = YES;
				SDKROOT = iphoneos;
				SWIFT_ACTIVE_COMPILATION_CONDITIONS = DEBUG;
				SWIFT_OPTIMIZATION_LEVEL = "-Onone";
			};
			name = Debug;
		};
		7F06155F20AB887E0092A6B0 /* Release */ = {
			isa = XCBuildConfiguration;
			buildSettings = {
				ALWAYS_SEARCH_USER_PATHS = NO;
				CLANG_ANALYZER_NONNULL = YES;
				CLANG_ANALYZER_NUMBER_OBJECT_CONVERSION = YES_AGGRESSIVE;
				CLANG_CXX_LANGUAGE_STANDARD = "gnu++14";
				CLANG_CXX_LIBRARY = "libc++";
				CLANG_ENABLE_MODULES = YES;
				CLANG_ENABLE_OBJC_ARC = YES;
				CLANG_ENABLE_OBJC_WEAK = YES;
				CLANG_WARN_BLOCK_CAPTURE_AUTORELEASING = YES;
				CLANG_WARN_BOOL_CONVERSION = YES;
				CLANG_WARN_COMMA = YES;
				CLANG_WARN_CONSTANT_CONVERSION = YES;
				CLANG_WARN_DEPRECATED_OBJC_IMPLEMENTATIONS = YES;
				CLANG_WARN_DIRECT_OBJC_ISA_USAGE = YES_ERROR;
				CLANG_WARN_DOCUMENTATION_COMMENTS = YES;
				CLANG_WARN_EMPTY_BODY = YES;
				CLANG_WARN_ENUM_CONVERSION = YES;
				CLANG_WARN_INFINITE_RECURSION = YES;
				CLANG_WARN_INT_CONVERSION = YES;
				CLANG_WARN_NON_LITERAL_NULL_CONVERSION = YES;
				CLANG_WARN_OBJC_IMPLICIT_RETAIN_SELF = YES;
				CLANG_WARN_OBJC_LITERAL_CONVERSION = YES;
				CLANG_WARN_OBJC_ROOT_CLASS = YES_ERROR;
				CLANG_WARN_RANGE_LOOP_ANALYSIS = YES;
				CLANG_WARN_STRICT_PROTOTYPES = YES;
				CLANG_WARN_SUSPICIOUS_MOVE = YES;
				CLANG_WARN_UNGUARDED_AVAILABILITY = YES_AGGRESSIVE;
				CLANG_WARN_UNREACHABLE_CODE = YES;
				CLANG_WARN__DUPLICATE_METHOD_MATCH = YES;
				CODE_SIGN_IDENTITY = "iPhone Developer";
				COPY_PHASE_STRIP = NO;
				DEBUG_INFORMATION_FORMAT = "dwarf-with-dsym";
				ENABLE_NS_ASSERTIONS = NO;
				ENABLE_STRICT_OBJC_MSGSEND = YES;
				GCC_C_LANGUAGE_STANDARD = gnu11;
				GCC_NO_COMMON_BLOCKS = YES;
				GCC_WARN_64_TO_32_BIT_CONVERSION = YES;
				GCC_WARN_ABOUT_RETURN_TYPE = YES_ERROR;
				GCC_WARN_UNDECLARED_SELECTOR = YES;
				GCC_WARN_UNINITIALIZED_AUTOS = YES_AGGRESSIVE;
				GCC_WARN_UNUSED_FUNCTION = YES;
				GCC_WARN_UNUSED_VARIABLE = YES;
				IPHONEOS_DEPLOYMENT_TARGET = 11.3;
				MTL_ENABLE_DEBUG_INFO = NO;
				SDKROOT = iphoneos;
				SWIFT_COMPILATION_MODE = wholemodule;
				SWIFT_OPTIMIZATION_LEVEL = "-O";
				VALIDATE_PRODUCT = YES;
			};
			name = Release;
		};
		7F06156120AB887E0092A6B0 /* Debug */ = {
			isa = XCBuildConfiguration;
			baseConfigurationReference = BAF3E474FD1317DBBA71446F /* Pods-TheSwifter.debug.xcconfig */;
			buildSettings = {
				ALWAYS_EMBED_SWIFT_STANDARD_LIBRARIES = YES;
				ASSETCATALOG_COMPILER_APPICON_NAME = AppIcon;
				CODE_SIGN_STYLE = Automatic;
				DEVELOPMENT_TEAM = 59PJQG777R;
				INFOPLIST_FILE = "$(SRCROOT)/TheSwifter/Supporting Files/Info.plist";
				LD_RUNPATH_SEARCH_PATHS = "$(inherited) @executable_path/Frameworks";
				PRODUCT_BUNDLE_IDENTIFIER = com.ArdizLabs.TheSwifter;
				PRODUCT_NAME = "$(TARGET_NAME)";
				SWIFT_VERSION = 4.0;
				TARGETED_DEVICE_FAMILY = "1,2";
			};
			name = Debug;
		};
		7F06156220AB887E0092A6B0 /* Release */ = {
			isa = XCBuildConfiguration;
			baseConfigurationReference = 6AF21749CFD4247C75C30C26 /* Pods-TheSwifter.release.xcconfig */;
			buildSettings = {
				ALWAYS_EMBED_SWIFT_STANDARD_LIBRARIES = YES;
				ASSETCATALOG_COMPILER_APPICON_NAME = AppIcon;
				CODE_SIGN_STYLE = Automatic;
				DEVELOPMENT_TEAM = 59PJQG777R;
				INFOPLIST_FILE = "$(SRCROOT)/TheSwifter/Supporting Files/Info.plist";
				LD_RUNPATH_SEARCH_PATHS = "$(inherited) @executable_path/Frameworks";
				PRODUCT_BUNDLE_IDENTIFIER = com.ArdizLabs.TheSwifter;
				PRODUCT_NAME = "$(TARGET_NAME)";
				SWIFT_VERSION = 4.0;
				TARGETED_DEVICE_FAMILY = "1,2";
			};
			name = Release;
		};
/* End XCBuildConfiguration section */

/* Begin XCConfigurationList section */
		7F06154920AB887D0092A6B0 /* Build configuration list for PBXProject "TheSwifter" */ = {
			isa = XCConfigurationList;
			buildConfigurations = (
				7F06155E20AB887E0092A6B0 /* Debug */,
				7F06155F20AB887E0092A6B0 /* Release */,
			);
			defaultConfigurationIsVisible = 0;
			defaultConfigurationName = Release;
		};
		7F06156020AB887E0092A6B0 /* Build configuration list for PBXNativeTarget "TheSwifter" */ = {
			isa = XCConfigurationList;
			buildConfigurations = (
				7F06156120AB887E0092A6B0 /* Debug */,
				7F06156220AB887E0092A6B0 /* Release */,
			);
			defaultConfigurationIsVisible = 0;
			defaultConfigurationName = Release;
		};
/* End XCConfigurationList section */
	};
	rootObject = 7F06154620AB887D0092A6B0 /* Project object */;
}
